<?xml version="1.0" encoding="utf-8"?>
<Project ToolsVersion="4.0" xmlns="http://schemas.microsoft.com/developer/msbuild/2003">
  <ItemGroup>
    <Filter Include="Source Files">
      <UniqueIdentifier>{4FC737F1-C7A5-4376-A066-2A32D752A2FF}</UniqueIdentifier>
      <Extensions>cpp;c;cc;cxx;c++;cppm;ixx;def;odl;idl;hpj;bat;asm;asmx</Extensions>
    </Filter>
    <Filter Include="Header Files">
      <UniqueIdentifier>{93995380-89BD-4b04-88EB-625FBE52EBFB}</UniqueIdentifier>
      <Extensions>h;hh;hpp;hxx;h++;hm;inl;inc;ipp;xsd</Extensions>
    </Filter>
    <Filter Include="Resource Files">
      <UniqueIdentifier>{67DA6AB6-F800-4c08-8B7A-83BB121AAD01}</UniqueIdentifier>
      <Extensions>rc;ico;cur;bmp;dlg;rc2;rct;bin;rgs;gif;jpg;jpeg;jpe;resx;tiff;tif;png;wav;mfcribbon-ms</Extensions>
    </Filter>
  </ItemGroup>
  <ItemGroup>
    <ClCompile Include="Code\main.cpp">
      <Filter>Source Files</Filter>
    </ClCompile>
    <ClCompile Include="Code\World\Apple.cpp">
      <Filter>Source Files</Filter>
    </ClCompile>
    <ClCompile Include="Code\World\Field.cpp">
      <Filter>Source Files</Filter>
    </ClCompile>
    <ClCompile Include="Code\World\Walls.cpp">
      <Filter>Source Files</Filter>
    </ClCompile>
    <ClCompile Include="Code\World\SnakePlayer.cpp">
      <Filter>Source Files</Filter>
    </ClCompile>
    <ClCompile Include="Code\World\SnakeBot.cpp">
      <Filter>Source Files</Filter>
    </ClCompile>
    <ClCompile Include="Code\World\Snake.cpp">
      <Filter>Source Files</Filter>
    </ClCompile>
    <ClCompile Include="Code\Tools\Console.cpp">
      <Filter>Source Files</Filter>
    </ClCompile>
    <ClCompile Include="Code\Tools\FileManager.cpp">
      <Filter>Source Files</Filter>
    </ClCompile>
    <ClCompile Include="Code\Tools\InputManager.cpp">
      <Filter>Source Files</Filter>
    </ClCompile>
    <ClCompile Include="Code\Tools\Time.cpp">
      <Filter>Source Files</Filter>
    </ClCompile>
    <ClCompile Include="Code\Game\Game.cpp">
      <Filter>Source Files</Filter>
    </ClCompile>
    <ClCompile Include="Code\Game\GameExeption.cpp">
      <Filter>Source Files</Filter>
    </ClCompile>
  </ItemGroup>
  <ItemGroup>
    <ClInclude Include="Code\World\Apple.h">
      <Filter>Header Files</Filter>
    </ClInclude>
    <ClInclude Include="Code\World\Field.h">
      <Filter>Header Files</Filter>
    </ClInclude>
    <ClInclude Include="Code\World\Walls.h">
      <Filter>Header Files</Filter>
    </ClInclude>
    <ClInclude Include="Code\World\SnakePlayer.h">
      <Filter>Header Files</Filter>
    </ClInclude>
    <ClInclude Include="Code\World\SnakeBot.h">
      <Filter>Header Files</Filter>
    </ClInclude>
    <ClInclude Include="Code\World\Snake.h">
      <Filter>Header Files</Filter>
    </ClInclude>
    <ClInclude Include="Code\World\GameObjects.h">
      <Filter>Header Files</Filter>
    </ClInclude>
    <ClInclude Include="Code\Tools\Console.h">
      <Filter>Header Files</Filter>
    </ClInclude>
    <ClInclude Include="Code\Tools\ConsoleSizeSetting.h">
      <Filter>Header Files</Filter>
    </ClInclude>
    <ClInclude Include="Code\Tools\FileManager.h">
      <Filter>Header Files</Filter>
    </ClInclude>
    <ClInclude Include="Code\Tools\InputManager.h">
      <Filter>Header Files</Filter>
    </ClInclude>
    <ClInclude Include="Code\Tools\Time.h">
      <Filter>Header Files</Filter>
    </ClInclude>
    <ClInclude Include="Code\Tools\Tools.h">
      <Filter>Header Files</Filter>
    </ClInclude>
    <ClInclude Include="Code\Game\Game.h">
      <Filter>Header Files</Filter>
    </ClInclude>
    <ClInclude Include="Code\Game\GameEnumeration.h">
      <Filter>Header Files</Filter>
    </ClInclude>
    <ClInclude Include="Code\Game\GameExeption.h">
      <Filter>Header Files</Filter>
    </ClInclude>
  </ItemGroup>
  <ItemGroup>
    <Text Include="Assets\MainMenu.txt" />
    <Text Include="Assets\Level.txt" />
  </ItemGroup>
  <ItemGroup>
    <Image Include="Assets\images\img_1.png">
      <Filter>Resource Files</Filter>
    </Image>
    <Image Include="Assets\images\img_2.png">
      <Filter>Resource Files</Filter>
    </Image>
  </ItemGroup>
</Project>